
Microsoft Visual Studio Solution File, Format Version 12.00
# Visual Studio Version 17
VisualStudioVersion = 17.8.34330.188
MinimumVisualStudioVersion = 10.0.40219.1
Project("{9A19103F-16F7-4668-BE54-9A1E7A4F7556}") = "Task", "Task\Task.csproj", "{438945BB-F226-43E2-ACDE-D3F0FD74C42F}"
EndProject
Project("{9A19103F-16F7-4668-BE54-9A1E7A4F7556}") = "Task2", "Task2\Task2.csproj", "{303B72E8-BA40-45DE-AE1D-451A552A9BE4}"
EndProject
Project("{9A19103F-16F7-4668-BE54-9A1E7A4F7556}") = "Task3", "Task3\Task3.csproj", "{A1D6F5D7-3E94-47A5-937B-E7A3F6DB85F6}"
EndProject
Project("{9A19103F-16F7-4668-BE54-9A1E7A4F7556}") = "Task4", "Task4\Task4.csproj", "{882FCEA8-F8D1-4C1B-AFE9-0A10094A9B08}"
EndProject
Project("{9A19103F-16F7-4668-BE54-9A1E7A4F7556}") = "Task5", "Task5\Task5.csproj", "{C49E1EDE-337D-4E2B-962F-59BCD573ED07}"
EndProject
Project("{9A19103F-16F7-4668-BE54-9A1E7A4F7556}") = "Task6", "Task6\Task6.csproj", "{632F8954-BEC9-4EAA-A89C-21EA17955B6C}"
EndProject
Project("{9A19103F-16F7-4668-BE54-9A1E7A4F7556}") = "Task7", "Task7\Task7.csproj", "{182A1E9A-C78A-4812-A167-5E58A7FC7418}"
EndProject
Project("{9A19103F-16F7-4668-BE54-9A1E7A4F7556}") = "Task8", "Task8\Task8.csproj", "{E11323A8-0494-426F-B36E-DD60E0E61A98}"
EndProject
Project("{9A19103F-16F7-4668-BE54-9A1E7A4F7556}") = "Task9", "Task9\Task9.csproj", "{380CE7C8-FBA5-472B-95E1-ADBFF9C7CFEA}"
EndProject
Project("{9A19103F-16F7-4668-BE54-9A1E7A4F7556}") = "Task10Continuation", "Task10\Task10Continuation.csproj", "{50E28BFC-2922-46E1-A3EA-838248A26032}"
EndProject
Project("{9A19103F-16F7-4668-BE54-9A1E7A4F7556}") = "Task11Result_Continue", "Task11\Task11Result_Continue.csproj", "{EC3230A5-0608-46D5-9B2C-83836662C083}"
EndProject
Project("{9A19103F-16F7-4668-BE54-9A1E7A4F7556}") = "Task12", "Task12\Task12.csproj", "{C8311997-C6A0-48DC-8A52-C35AFC9858CD}"
EndProject
Project("{9A19103F-16F7-4668-BE54-9A1E7A4F7556}") = "Task13_Cancelation", "Task13\Task13_Cancelation.csproj", "{52C4A7BF-C6B4-43CB-BAA6-7AA9B472DAB3}"
EndProject
Project("{9A19103F-16F7-4668-BE54-9A1E7A4F7556}") = "Task14", "Task14\Task14.csproj", "{9AA6F346-8E40-4E9E-BF68-F54452AFF630}"
EndProject
Project("{9A19103F-16F7-4668-BE54-9A1E7A4F7556}") = "WinFormsApp1", "WinFormsApp1\WinFormsApp1.csproj", "{E871A4DC-2BD4-49E1-ADF1-FD84D2F7362B}"
EndProject
Global
	GlobalSection(SolutionConfigurationPlatforms) = preSolution
		Debug|Any CPU = Debug|Any CPU
		Release|Any CPU = Release|Any CPU
	EndGlobalSection
	GlobalSection(ProjectConfigurationPlatforms) = postSolution
		{438945BB-F226-43E2-ACDE-D3F0FD74C42F}.Debug|Any CPU.ActiveCfg = Debug|Any CPU
		{438945BB-F226-43E2-ACDE-D3F0FD74C42F}.Debug|Any CPU.Build.0 = Debug|Any CPU
		{438945BB-F226-43E2-ACDE-D3F0FD74C42F}.Release|Any CPU.ActiveCfg = Release|Any CPU
		{438945BB-F226-43E2-ACDE-D3F0FD74C42F}.Release|Any CPU.Build.0 = Release|Any CPU
		{303B72E8-BA40-45DE-AE1D-451A552A9BE4}.Debug|Any CPU.ActiveCfg = Debug|Any CPU
		{303B72E8-BA40-45DE-AE1D-451A552A9BE4}.Debug|Any CPU.Build.0 = Debug|Any CPU
		{303B72E8-BA40-45DE-AE1D-451A552A9BE4}.Release|Any CPU.ActiveCfg = Release|Any CPU
		{303B72E8-BA40-45DE-AE1D-451A552A9BE4}.Release|Any CPU.Build.0 = Release|Any CPU
		{A1D6F5D7-3E94-47A5-937B-E7A3F6DB85F6}.Debug|Any CPU.ActiveCfg = Debug|Any CPU
		{A1D6F5D7-3E94-47A5-937B-E7A3F6DB85F6}.Debug|Any CPU.Build.0 = Debug|Any CPU
		{A1D6F5D7-3E94-47A5-937B-E7A3F6DB85F6}.Release|Any CPU.ActiveCfg = Release|Any CPU
		{A1D6F5D7-3E94-47A5-937B-E7A3F6DB85F6}.Release|Any CPU.Build.0 = Release|Any CPU
		{882FCEA8-F8D1-4C1B-AFE9-0A10094A9B08}.Debug|Any CPU.ActiveCfg = Debug|Any CPU
		{882FCEA8-F8D1-4C1B-AFE9-0A10094A9B08}.Debug|Any CPU.Build.0 = Debug|Any CPU
		{882FCEA8-F8D1-4C1B-AFE9-0A10094A9B08}.Release|Any CPU.ActiveCfg = Release|Any CPU
		{882FCEA8-F8D1-4C1B-AFE9-0A10094A9B08}.Release|Any CPU.Build.0 = Release|Any CPU
		{C49E1EDE-337D-4E2B-962F-59BCD573ED07}.Debug|Any CPU.ActiveCfg = Debug|Any CPU
		{C49E1EDE-337D-4E2B-962F-59BCD573ED07}.Debug|Any CPU.Build.0 = Debug|Any CPU
		{C49E1EDE-337D-4E2B-962F-59BCD573ED07}.Release|Any CPU.ActiveCfg = Release|Any CPU
		{C49E1EDE-337D-4E2B-962F-59BCD573ED07}.Release|Any CPU.Build.0 = Release|Any CPU
		{632F8954-BEC9-4EAA-A89C-21EA17955B6C}.Debug|Any CPU.ActiveCfg = Debug|Any CPU
		{632F8954-BEC9-4EAA-A89C-21EA17955B6C}.Debug|Any CPU.Build.0 = Debug|Any CPU
		{632F8954-BEC9-4EAA-A89C-21EA17955B6C}.Release|Any CPU.ActiveCfg = Release|Any CPU
		{632F8954-BEC9-4EAA-A89C-21EA17955B6C}.Release|Any CPU.Build.0 = Release|Any CPU
		{182A1E9A-C78A-4812-A167-5E58A7FC7418}.Debug|Any CPU.ActiveCfg = Debug|Any CPU
		{182A1E9A-C78A-4812-A167-5E58A7FC7418}.Debug|Any CPU.Build.0 = Debug|Any CPU
		{182A1E9A-C78A-4812-A167-5E58A7FC7418}.Release|Any CPU.ActiveCfg = Release|Any CPU
		{182A1E9A-C78A-4812-A167-5E58A7FC7418}.Release|Any CPU.Build.0 = Release|Any CPU
		{E11323A8-0494-426F-B36E-DD60E0E61A98}.Debug|Any CPU.ActiveCfg = Debug|Any CPU
		{E11323A8-0494-426F-B36E-DD60E0E61A98}.Debug|Any CPU.Build.0 = Debug|Any CPU
		{E11323A8-0494-426F-B36E-DD60E0E61A98}.Release|Any CPU.ActiveCfg = Release|Any CPU
		{E11323A8-0494-426F-B36E-DD60E0E61A98}.Release|Any CPU.Build.0 = Release|Any CPU
		{380CE7C8-FBA5-472B-95E1-ADBFF9C7CFEA}.Debug|Any CPU.ActiveCfg = Debug|Any CPU
		{380CE7C8-FBA5-472B-95E1-ADBFF9C7CFEA}.Debug|Any CPU.Build.0 = Debug|Any CPU
		{380CE7C8-FBA5-472B-95E1-ADBFF9C7CFEA}.Release|Any CPU.ActiveCfg = Release|Any CPU
		{380CE7C8-FBA5-472B-95E1-ADBFF9C7CFEA}.Release|Any CPU.Build.0 = Release|Any CPU
		{50E28BFC-2922-46E1-A3EA-838248A26032}.Debug|Any CPU.ActiveCfg = Debug|Any CPU
		{50E28BFC-2922-46E1-A3EA-838248A26032}.Debug|Any CPU.Build.0 = Debug|Any CPU
		{50E28BFC-2922-46E1-A3EA-838248A26032}.Release|Any CPU.ActiveCfg = Release|Any CPU
		{50E28BFC-2922-46E1-A3EA-838248A26032}.Release|Any CPU.Build.0 = Release|Any CPU
		{EC3230A5-0608-46D5-9B2C-83836662C083}.Debug|Any CPU.ActiveCfg = Debug|Any CPU
		{EC3230A5-0608-46D5-9B2C-83836662C083}.Debug|Any CPU.Build.0 = Debug|Any CPU
		{EC3230A5-0608-46D5-9B2C-83836662C083}.Release|Any CPU.ActiveCfg = Release|Any CPU
		{EC3230A5-0608-46D5-9B2C-83836662C083}.Release|Any CPU.Build.0 = Release|Any CPU
		{C8311997-C6A0-48DC-8A52-C35AFC9858CD}.Debug|Any CPU.ActiveCfg = Debug|Any CPU
		{C8311997-C6A0-48DC-8A52-C35AFC9858CD}.Debug|Any CPU.Build.0 = Debug|Any CPU
		{C8311997-C6A0-48DC-8A52-C35AFC9858CD}.Release|Any CPU.ActiveCfg = Release|Any CPU
		{C8311997-C6A0-48DC-8A52-C35AFC9858CD}.Release|Any CPU.Build.0 = Release|Any CPU
		{52C4A7BF-C6B4-43CB-BAA6-7AA9B472DAB3}.Debug|Any CPU.ActiveCfg = Debug|Any CPU
		{52C4A7BF-C6B4-43CB-BAA6-7AA9B472DAB3}.Debug|Any CPU.Build.0 = Debug|Any CPU
		{52C4A7BF-C6B4-43CB-BAA6-7AA9B472DAB3}.Release|Any CPU.ActiveCfg = Release|Any CPU
		{52C4A7BF-C6B4-43CB-BAA6-7AA9B472DAB3}.Release|Any CPU.Build.0 = Release|Any CPU
		{9AA6F346-8E40-4E9E-BF68-F54452AFF630}.Debug|Any CPU.ActiveCfg = Debug|Any CPU
		{9AA6F346-8E40-4E9E-BF68-F54452AFF630}.Debug|Any CPU.Build.0 = Debug|Any CPU
		{9AA6F346-8E40-4E9E-BF68-F54452AFF630}.Release|Any CPU.ActiveCfg = Release|Any CPU
		{9AA6F346-8E40-4E9E-BF68-F54452AFF630}.Release|Any CPU.Build.0 = Release|Any CPU
		{E871A4DC-2BD4-49E1-ADF1-FD84D2F7362B}.Debug|Any CPU.ActiveCfg = Debug|Any CPU
		{E871A4DC-2BD4-49E1-ADF1-FD84D2F7362B}.Debug|Any CPU.Build.0 = Debug|Any CPU
		{E871A4DC-2BD4-49E1-ADF1-FD84D2F7362B}.Release|Any CPU.ActiveCfg = Release|Any CPU
		{E871A4DC-2BD4-49E1-ADF1-FD84D2F7362B}.Release|Any CPU.Build.0 = Release|Any CPU
	EndGlobalSection
	GlobalSection(SolutionProperties) = preSolution
		HideSolutionNode = FALSE
	EndGlobalSection
	GlobalSection(ExtensibilityGlobals) = postSolution
		SolutionGuid = {3303C6D6-A254-4355-867D-6E006AB3D968}
	EndGlobalSection
EndGlobal
